
Microsoft Visual Studio Solution File, Format Version 12.00
# Visual Studio 15
VisualStudioVersion = 15.0.27428.2027
MinimumVisualStudioVersion = 10.0.40219.1
Project("{FAE04EC0-301F-11D3-BF4B-00C04F79EFBC}") = "GuessMelody", "GuessMelody\GuessMelody.csproj", "{A8CEAE3C-32D6-4FEA-BB86-FD017638CD3D}"
EndProject
Global
	GlobalSection(SolutionConfigurationPlatforms) = preSolution
		Debug|Any CPU = Debug|Any CPU
		Release|Any CPU = Release|Any CPU
	EndGlobalSection
	GlobalSection(ProjectConfigurationPlatforms) = postSolution
		{A8CEAE3C-32D6-4FEA-BB86-FD017638CD3D}.Debug|Any CPU.ActiveCfg = Debug|Any CPU
		{A8CEAE3C-32D6-4FEA-BB86-FD017638CD3D}.Debug|Any CPU.Build.0 = Debug|Any CPU
		{A8CEAE3C-32D6-4FEA-BB86-FD017638CD3D}.Release|Any CPU.ActiveCfg = Release|Any CPU
		{A8CEAE3C-32D6-4FEA-BB86-FD017638CD3D}.Release|Any CPU.Build.0 = Release|Any CPU
	EndGlobalSection
	GlobalSection(SolutionProperties) = preSolution
		HideSolutionNode = FALSE
	EndGlobalSection
	GlobalSection(ExtensibilityGlobals) = postSolution
		SolutionGuid = {5466EB04-C54C-40A9-931B-112901448150}
	EndGlobalSection
EndGlobal
